
Microsoft Visual Studio Solution File, Format Version 12.00
# Visual Studio Version 17
VisualStudioVersion = 17.5.002.0
MinimumVisualStudioVersion = 10.0.40219.1
Project("{9A19103F-16F7-4668-BE54-9A1E7A4F7556}") = "Inheritance_and_Method_Overriding", "Inheritance_and_Method_Overriding\Inheritance_and_Method_Overriding.csproj", "{8DC63E80-805D-456C-91A0-F3B15BA2B958}"
EndProject
Global
	GlobalSection(SolutionConfigurationPlatforms) = preSolution
		Debug|Any CPU = Debug|Any CPU
		Release|Any CPU = Release|Any CPU
	EndGlobalSection
	GlobalSection(ProjectConfigurationPlatforms) = postSolution
		{8DC63E80-805D-456C-91A0-F3B15BA2B958}.Debug|Any CPU.ActiveCfg = Debug|Any CPU
		{8DC63E80-805D-456C-91A0-F3B15BA2B958}.Debug|Any CPU.Build.0 = Debug|Any CPU
		{8DC63E80-805D-456C-91A0-F3B15BA2B958}.Release|Any CPU.ActiveCfg = Release|Any CPU
		{8DC63E80-805D-456C-91A0-F3B15BA2B958}.Release|Any CPU.Build.0 = Release|Any CPU
	EndGlobalSection
	GlobalSection(SolutionProperties) = preSolution
		HideSolutionNode = FALSE
	EndGlobalSection
	GlobalSection(ExtensibilityGlobals) = postSolution
		SolutionGuid = {2A13598E-2C8C-4E8E-97A6-E65EE1A05F71}
	EndGlobalSection
EndGlobal
